
Microsoft Visual Studio Solution File, Format Version 12.00
# Visual Studio 15
Project("{FAE04EC0-301F-11D3-BF4B-00C04F79EFBC}") = "Assembly-CSharp", "Assembly-CSharp.csproj", "{7F267757-A013-D777-9CF0-899B8176E822}"
EndProject
Project("{FAE04EC0-301F-11D3-BF4B-00C04F79EFBC}") = "Assembly-CSharp-firstpass", "Assembly-CSharp-firstpass.csproj", "{E5ACE173-4A18-1364-93A9-C9DD5365B910}"
EndProject
Project("{FAE04EC0-301F-11D3-BF4B-00C04F79EFBC}") = "Assembly-CSharp-Editor", "Assembly-CSharp-Editor.csproj", "{791AD3E0-58C7-13ED-B3A6-63927D198733}"
EndProject
Global
	GlobalSection(SolutionConfigurationPlatforms) = preSolution
		Debug|Any CPU = Debug|Any CPU
		Release|Any CPU = Release|Any CPU
	EndGlobalSection
	GlobalSection(ProjectConfigurationPlatforms) = postSolution
		{7F267757-A013-D777-9CF0-899B8176E822}.Debug|Any CPU.ActiveCfg = Debug|Any CPU
		{7F267757-A013-D777-9CF0-899B8176E822}.Debug|Any CPU.Build.0 = Debug|Any CPU
		{7F267757-A013-D777-9CF0-899B8176E822}.Release|Any CPU.ActiveCfg = Release|Any CPU
		{7F267757-A013-D777-9CF0-899B8176E822}.Release|Any CPU.Build.0 = Release|Any CPU
		{E5ACE173-4A18-1364-93A9-C9DD5365B910}.Debug|Any CPU.ActiveCfg = Debug|Any CPU
		{E5ACE173-4A18-1364-93A9-C9DD5365B910}.Debug|Any CPU.Build.0 = Debug|Any CPU
		{E5ACE173-4A18-1364-93A9-C9DD5365B910}.Release|Any CPU.ActiveCfg = Release|Any CPU
		{E5ACE173-4A18-1364-93A9-C9DD5365B910}.Release|Any CPU.Build.0 = Release|Any CPU
		{791AD3E0-58C7-13ED-B3A6-63927D198733}.Debug|Any CPU.ActiveCfg = Debug|Any CPU
		{791AD3E0-58C7-13ED-B3A6-63927D198733}.Debug|Any CPU.Build.0 = Debug|Any CPU
		{791AD3E0-58C7-13ED-B3A6-63927D198733}.Release|Any CPU.ActiveCfg = Release|Any CPU
		{791AD3E0-58C7-13ED-B3A6-63927D198733}.Release|Any CPU.Build.0 = Release|Any CPU
	EndGlobalSection
	GlobalSection(SolutionProperties) = preSolution
		HideSolutionNode = FALSE
	EndGlobalSection
EndGlobal
